
Microsoft Visual Studio Solution File, Format Version 12.00
# Visual Studio Version 17
VisualStudioVersion = 17.5.002.0
MinimumVisualStudioVersion = 10.0.40219.1
Project("{9A19103F-16F7-4668-BE54-9A1E7A4F7556}") = "Task4", "Task4.csproj", "{84727281-A81E-4E87-9CA3-F78F4A210E66}"
EndProject
Global
	GlobalSection(SolutionConfigurationPlatforms) = preSolution
		Debug|Any CPU = Debug|Any CPU
		Release|Any CPU = Release|Any CPU
	EndGlobalSection
	GlobalSection(ProjectConfigurationPlatforms) = postSolution
		{84727281-A81E-4E87-9CA3-F78F4A210E66}.Debug|Any CPU.ActiveCfg = Debug|Any CPU
		{84727281-A81E-4E87-9CA3-F78F4A210E66}.Debug|Any CPU.Build.0 = Debug|Any CPU
		{84727281-A81E-4E87-9CA3-F78F4A210E66}.Release|Any CPU.ActiveCfg = Release|Any CPU
		{84727281-A81E-4E87-9CA3-F78F4A210E66}.Release|Any CPU.Build.0 = Release|Any CPU
	EndGlobalSection
	GlobalSection(SolutionProperties) = preSolution
		HideSolutionNode = FALSE
	EndGlobalSection
	GlobalSection(ExtensibilityGlobals) = postSolution
		SolutionGuid = {C8EEF02B-7164-4E95-A209-75031474F677}
	EndGlobalSection
EndGlobal
