
Microsoft Visual Studio Solution File, Format Version 12.00
# Visual Studio Version 17
VisualStudioVersion = 17.5.002.0
MinimumVisualStudioVersion = 10.0.40219.1
Project("{9A19103F-16F7-4668-BE54-9A1E7A4F7556}") = "Task2", "Task2.csproj", "{D8BECE12-964A-482D-8AEC-C292B41BA8E8}"
EndProject
Global
	GlobalSection(SolutionConfigurationPlatforms) = preSolution
		Debug|Any CPU = Debug|Any CPU
		Release|Any CPU = Release|Any CPU
	EndGlobalSection
	GlobalSection(ProjectConfigurationPlatforms) = postSolution
		{D8BECE12-964A-482D-8AEC-C292B41BA8E8}.Debug|Any CPU.ActiveCfg = Debug|Any CPU
		{D8BECE12-964A-482D-8AEC-C292B41BA8E8}.Debug|Any CPU.Build.0 = Debug|Any CPU
		{D8BECE12-964A-482D-8AEC-C292B41BA8E8}.Release|Any CPU.ActiveCfg = Release|Any CPU
		{D8BECE12-964A-482D-8AEC-C292B41BA8E8}.Release|Any CPU.Build.0 = Release|Any CPU
	EndGlobalSection
	GlobalSection(SolutionProperties) = preSolution
		HideSolutionNode = FALSE
	EndGlobalSection
	GlobalSection(ExtensibilityGlobals) = postSolution
		SolutionGuid = {42033283-5ADE-4FE3-9728-38008110E2B9}
	EndGlobalSection
EndGlobal
